
Microsoft Visual Studio Solution File, Format Version 12.00
# Visual Studio 15
VisualStudioVersion = 15.0.27004.2009
MinimumVisualStudioVersion = 10.0.40219.1
Project("{9A19103F-16F7-4668-BE54-9A1E7A4F7556}") = "TruckStatusUpdater", "TruckStatusUpdater\TruckStatusUpdater.csproj", "{F8C8E4D9-957A-4BE4-A139-8A5B29B9353C}"
	ProjectSection(ProjectDependencies) = postProject
		{4571BB59-2A80-47C7-9E01-A2F57A87C10D} = {4571BB59-2A80-47C7-9E01-A2F57A87C10D}
	EndProjectSection
EndProject
Project("{9A19103F-16F7-4668-BE54-9A1E7A4F7556}") = "TruckAPI", "TruckAPI\TruckAPI.csproj", "{4571BB59-2A80-47C7-9E01-A2F57A87C10D}"
EndProject
Project("{FAE04EC0-301F-11D3-BF4B-00C04F79EFBC}") = "TruckMonitorTests", "TruckMonitorTests\TruckMonitorTests.csproj", "{E838E295-811E-4C95-8E5F-E83A161EF7F6}"
EndProject
Global
	GlobalSection(SolutionConfigurationPlatforms) = preSolution
		Debug|Any CPU = Debug|Any CPU
		Release|Any CPU = Release|Any CPU
	EndGlobalSection
	GlobalSection(ProjectConfigurationPlatforms) = postSolution
		{F8C8E4D9-957A-4BE4-A139-8A5B29B9353C}.Debug|Any CPU.ActiveCfg = Debug|Any CPU
		{F8C8E4D9-957A-4BE4-A139-8A5B29B9353C}.Debug|Any CPU.Build.0 = Debug|Any CPU
		{F8C8E4D9-957A-4BE4-A139-8A5B29B9353C}.Release|Any CPU.ActiveCfg = Release|Any CPU
		{F8C8E4D9-957A-4BE4-A139-8A5B29B9353C}.Release|Any CPU.Build.0 = Release|Any CPU
		{4571BB59-2A80-47C7-9E01-A2F57A87C10D}.Debug|Any CPU.ActiveCfg = Debug|Any CPU
		{4571BB59-2A80-47C7-9E01-A2F57A87C10D}.Debug|Any CPU.Build.0 = Debug|Any CPU
		{4571BB59-2A80-47C7-9E01-A2F57A87C10D}.Release|Any CPU.ActiveCfg = Release|Any CPU
		{4571BB59-2A80-47C7-9E01-A2F57A87C10D}.Release|Any CPU.Build.0 = Release|Any CPU
		{E838E295-811E-4C95-8E5F-E83A161EF7F6}.Debug|Any CPU.ActiveCfg = Debug|Any CPU
		{E838E295-811E-4C95-8E5F-E83A161EF7F6}.Debug|Any CPU.Build.0 = Debug|Any CPU
		{E838E295-811E-4C95-8E5F-E83A161EF7F6}.Release|Any CPU.ActiveCfg = Release|Any CPU
		{E838E295-811E-4C95-8E5F-E83A161EF7F6}.Release|Any CPU.Build.0 = Release|Any CPU
	EndGlobalSection
	GlobalSection(SolutionProperties) = preSolution
		HideSolutionNode = FALSE
	EndGlobalSection
	GlobalSection(ExtensibilityGlobals) = postSolution
		SolutionGuid = {D6334E34-1E99-47F8-B05B-D5274C3A356A}
	EndGlobalSection
EndGlobal
